<?xml version="1.0" encoding="utf-8"?>
<Project ToolsVersion="4.0" xmlns="http://schemas.microsoft.com/developer/msbuild/2003">
  <ItemGroup>
    <Filter Include="cpp">
      <UniqueIdentifier>{4FC737F1-C7A5-4376-A066-2A32D752A2FF}</UniqueIdentifier>
      <Extensions>cpp;c;cc;cxx;def;odl;idl;hpj;bat;asm;asmx</Extensions>
    </Filter>
    <Filter Include="h">
      <UniqueIdentifier>{93995380-89BD-4b04-88EB-625FBE52EBFB}</UniqueIdentifier>
      <Extensions>h;hh;hpp;hxx;hm;inl;inc;xsd</Extensions>
    </Filter>
    <Filter Include="visual">
      <UniqueIdentifier>{14a8b2f6-4c3f-49a9-868b-23bb1828c7aa}</UniqueIdentifier>
    </Filter>
    <Filter Include="pruebas">
      <UniqueIdentifier>{7a942404-0edc-4d12-89d2-3052be63d8ee}</UniqueIdentifier>
    </Filter>
    <Filter Include="pruebas\cpp">
      <UniqueIdentifier>{ad71238d-8a63-4699-9fb5-78419231bf85}</UniqueIdentifier>
    </Filter>
    <Filter Include="pruebas\h">
      <UniqueIdentifier>{d681c3b6-ee27-4bb6-89c0-954d7f5b55e5}</UniqueIdentifier>
    </Filter>
  </ItemGroup>
  <ItemGroup>
    <ClInclude Include="Carta.h">
      <Filter>h</Filter>
    </ClInclude>
    <ClInclude Include="Combinaciones.h">
      <Filter>Archivos de encabezado</Filter>
    </ClInclude>
    <ClInclude Include="Dealer.h">
      <Filter>h</Filter>
    </ClInclude>
    <ClInclude Include="Juego.h">
      <Filter>h</Filter>
    </ClInclude>
    <ClInclude Include="Jugador.h">
      <Filter>h</Filter>
    </ClInclude>
    <ClInclude Include="Mazo.h">
      <Filter>h</Filter>
    </ClInclude>
    <ClInclude Include="Mesa.h">
      <Filter>h</Filter>
    </ClInclude>
<<<<<<< HEAD
=======
    <ClInclude Include="Combinaciones.h">
      <Filter>h</Filter>
    </ClInclude>
    <ClInclude Include="targetver.h">
      <Filter>visual</Filter>
    </ClInclude>
    <ClInclude Include="stdafx.h">
      <Filter>visual</Filter>
    </ClInclude>
    <ClInclude Include="PruebaCarta.h">
      <Filter>pruebas\h</Filter>
    </ClInclude>
>>>>>>> Jorhan
  </ItemGroup>
  <ItemGroup>
    <ClCompile Include="Carta.cpp">
      <Filter>cpp</Filter>
    </ClCompile>
    <ClCompile Include="Combinaciones.cpp">
      <Filter>Archivos de código fuente</Filter>
    </ClCompile>
    <ClCompile Include="CombinacionesPruebas.cpp">
      <Filter>Archivos de código fuente</Filter>
    </ClCompile>
    <ClCompile Include="Dealer.cpp">
      <Filter>cpp</Filter>
    </ClCompile>
    <ClCompile Include="DealerPruebas.cpp">
      <Filter>Archivos de código fuente</Filter>
    </ClCompile>
    <ClCompile Include="Juego.cpp">
      <Filter>cpp</Filter>
    </ClCompile>
    <ClCompile Include="Jugador.cpp">
      <Filter>cpp</Filter>
    </ClCompile>
    <ClCompile Include="Mazo.cpp">
      <Filter>cpp</Filter>
    </ClCompile>
    <ClCompile Include="Mesa.cpp">
      <Filter>cpp</Filter>
    </ClCompile>
<<<<<<< HEAD
=======
    <ClCompile Include="Combinaciones.cpp">
      <Filter>cpp</Filter>
    </ClCompile>
    <ClCompile Include="stdafx.cpp">
      <Filter>visual</Filter>
    </ClCompile>
    <ClCompile Include="Main.cpp">
      <Filter>cpp</Filter>
    </ClCompile>
    <ClCompile Include="PruebaCarta.cpp">
      <Filter>pruebas\cpp</Filter>
    </ClCompile>
>>>>>>> Jorhan
  </ItemGroup>
</Project>
